
Microsoft Visual Studio Solution File, Format Version 12.00
# Visual Studio 2013
VisualStudioVersion = 12.0.31101.0
MinimumVisualStudioVersion = 10.0.40219.1
Project("{FAE04EC0-301F-11D3-BF4B-00C04F79EFBC}") = "Xbim.ExpressParser", "Xbim.ExpressParser\Xbim.ExpressParser.csproj", "{191A6A46-CD32-427D-846D-86D78A76074E}"
EndProject
Project("{2150E333-8FDC-42A3-9474-1A3956D46DE8}") = "Tests", "Tests", "{B027FD0A-A830-42E6-9305-1F7948CA863C}"
EndProject
Project("{FAE04EC0-301F-11D3-BF4B-00C04F79EFBC}") = "Xbim.ExpressParser.Tests", "Xbim.ExpressParser.Tests\Xbim.ExpressParser.Tests.csproj", "{70ACA548-1E13-4DA6-A8A3-B50B14850F61}"
EndProject
Project("{FAE04EC0-301F-11D3-BF4B-00C04F79EFBC}") = "Xbim.IfcDomains", "Xbim.IfcDomains\Xbim.IfcDomains.csproj", "{F50B2F17-E1D7-484C-ADE6-2E18A5F0E050}"
EndProject
Project("{2150E333-8FDC-42A3-9474-1A3956D46DE8}") = "Utilities", "Utilities", "{F7E394B0-3188-44C2-8317-6C14EF009307}"
EndProject
Project("{FAE04EC0-301F-11D3-BF4B-00C04F79EFBC}") = "XbimSchemaComparer", "XbimSchemaComparer\XbimSchemaComparer.csproj", "{C8D8A236-685A-4F28-A67A-A8A42FC6C3BB}"
EndProject
Project("{FAE04EC0-301F-11D3-BF4B-00C04F79EFBC}") = "Xbim.CodeGeneration", "Xbim.CodeGeneration\Xbim.CodeGeneration.csproj", "{6CFCAA6F-13E4-4330-B521-A1164784E302}"
EndProject
Project("{FAE04EC0-301F-11D3-BF4B-00C04F79EFBC}") = "Xbim.CodeGeneration.Tests", "Xbim.CodeGeneration.Tests\Xbim.CodeGeneration.Tests.csproj", "{FCF606EB-88D2-40A4-9D2B-19EFF1A0198B}"
EndProject
Project("{FAE04EC0-301F-11D3-BF4B-00C04F79EFBC}") = "XbimEssentialsGenerator", "XbimEssentialsGenerator\XbimEssentialsGenerator.csproj", "{793BD244-1003-4CEA-833E-22569C8641B4}"
EndProject
Project("{FAE04EC0-301F-11D3-BF4B-00C04F79EFBC}") = "XbimTranslatorGenerator", "XbimTranslatorGenerator\XbimTranslatorGenerator.csproj", "{98AB342E-1F4D-4D6F-BF52-5B3A62C7DCE2}"
EndProject
Global
	GlobalSection(SolutionConfigurationPlatforms) = preSolution
		Debug|Any CPU = Debug|Any CPU
		Release|Any CPU = Release|Any CPU
	EndGlobalSection
	GlobalSection(ProjectConfigurationPlatforms) = postSolution
		{191A6A46-CD32-427D-846D-86D78A76074E}.Debug|Any CPU.ActiveCfg = Debug|Any CPU
		{191A6A46-CD32-427D-846D-86D78A76074E}.Debug|Any CPU.Build.0 = Debug|Any CPU
		{191A6A46-CD32-427D-846D-86D78A76074E}.Release|Any CPU.ActiveCfg = Release|Any CPU
		{191A6A46-CD32-427D-846D-86D78A76074E}.Release|Any CPU.Build.0 = Release|Any CPU
		{70ACA548-1E13-4DA6-A8A3-B50B14850F61}.Debug|Any CPU.ActiveCfg = Debug|Any CPU
		{70ACA548-1E13-4DA6-A8A3-B50B14850F61}.Debug|Any CPU.Build.0 = Debug|Any CPU
		{70ACA548-1E13-4DA6-A8A3-B50B14850F61}.Release|Any CPU.ActiveCfg = Release|Any CPU
		{70ACA548-1E13-4DA6-A8A3-B50B14850F61}.Release|Any CPU.Build.0 = Release|Any CPU
		{F50B2F17-E1D7-484C-ADE6-2E18A5F0E050}.Debug|Any CPU.ActiveCfg = Debug|Any CPU
		{F50B2F17-E1D7-484C-ADE6-2E18A5F0E050}.Debug|Any CPU.Build.0 = Debug|Any CPU
		{F50B2F17-E1D7-484C-ADE6-2E18A5F0E050}.Release|Any CPU.ActiveCfg = Release|Any CPU
		{F50B2F17-E1D7-484C-ADE6-2E18A5F0E050}.Release|Any CPU.Build.0 = Release|Any CPU
		{C8D8A236-685A-4F28-A67A-A8A42FC6C3BB}.Debug|Any CPU.ActiveCfg = Debug|Any CPU
		{C8D8A236-685A-4F28-A67A-A8A42FC6C3BB}.Debug|Any CPU.Build.0 = Debug|Any CPU
		{C8D8A236-685A-4F28-A67A-A8A42FC6C3BB}.Release|Any CPU.ActiveCfg = Release|Any CPU
		{C8D8A236-685A-4F28-A67A-A8A42FC6C3BB}.Release|Any CPU.Build.0 = Release|Any CPU
		{6CFCAA6F-13E4-4330-B521-A1164784E302}.Debug|Any CPU.ActiveCfg = Debug|Any CPU
		{6CFCAA6F-13E4-4330-B521-A1164784E302}.Debug|Any CPU.Build.0 = Debug|Any CPU
		{6CFCAA6F-13E4-4330-B521-A1164784E302}.Release|Any CPU.ActiveCfg = Release|Any CPU
		{6CFCAA6F-13E4-4330-B521-A1164784E302}.Release|Any CPU.Build.0 = Release|Any CPU
		{FCF606EB-88D2-40A4-9D2B-19EFF1A0198B}.Debug|Any CPU.ActiveCfg = Debug|Any CPU
		{FCF606EB-88D2-40A4-9D2B-19EFF1A0198B}.Debug|Any CPU.Build.0 = Debug|Any CPU
		{FCF606EB-88D2-40A4-9D2B-19EFF1A0198B}.Release|Any CPU.ActiveCfg = Release|Any CPU
		{FCF606EB-88D2-40A4-9D2B-19EFF1A0198B}.Release|Any CPU.Build.0 = Release|Any CPU
		{793BD244-1003-4CEA-833E-22569C8641B4}.Debug|Any CPU.ActiveCfg = Debug|Any CPU
		{793BD244-1003-4CEA-833E-22569C8641B4}.Debug|Any CPU.Build.0 = Debug|Any CPU
		{793BD244-1003-4CEA-833E-22569C8641B4}.Release|Any CPU.ActiveCfg = Release|Any CPU
		{793BD244-1003-4CEA-833E-22569C8641B4}.Release|Any CPU.Build.0 = Release|Any CPU
		{98AB342E-1F4D-4D6F-BF52-5B3A62C7DCE2}.Debug|Any CPU.ActiveCfg = Debug|Any CPU
		{98AB342E-1F4D-4D6F-BF52-5B3A62C7DCE2}.Debug|Any CPU.Build.0 = Debug|Any CPU
		{98AB342E-1F4D-4D6F-BF52-5B3A62C7DCE2}.Release|Any CPU.ActiveCfg = Release|Any CPU
		{98AB342E-1F4D-4D6F-BF52-5B3A62C7DCE2}.Release|Any CPU.Build.0 = Release|Any CPU
	EndGlobalSection
	GlobalSection(SolutionProperties) = preSolution
		HideSolutionNode = FALSE
	EndGlobalSection
	GlobalSection(NestedProjects) = preSolution
		{70ACA548-1E13-4DA6-A8A3-B50B14850F61} = {B027FD0A-A830-42E6-9305-1F7948CA863C}
		{C8D8A236-685A-4F28-A67A-A8A42FC6C3BB} = {F7E394B0-3188-44C2-8317-6C14EF009307}
		{FCF606EB-88D2-40A4-9D2B-19EFF1A0198B} = {B027FD0A-A830-42E6-9305-1F7948CA863C}
		{793BD244-1003-4CEA-833E-22569C8641B4} = {F7E394B0-3188-44C2-8317-6C14EF009307}
		{98AB342E-1F4D-4D6F-BF52-5B3A62C7DCE2} = {F7E394B0-3188-44C2-8317-6C14EF009307}
	EndGlobalSection
EndGlobal
